// !$*UTF8*$!
{
	archiveVersion = 1;
	classes = {
	};
	objectVersion = 46;
	objects = {

/* Begin PBXBuildFile section */
		5636801B1DB6A1170019A2A5 /* staticLib.h in CopyFiles */ = {isa = PBXBuildFile; fileRef = 5636801A1DB6A1170019A2A5 /* staticLib.h */; };
		5636801D1DB6A1170019A2A5 /* staticLib.m in Sources */ = {isa = PBXBuildFile; fileRef = 5636801C1DB6A1170019A2A5 /* staticLib.m */; };
		5636804C1DB711E40019A2A5 /* libPods-staticLib.a in Frameworks */ = {isa = PBXBuildFile; fileRef = 5636804B1DB711E40019A2A5 /* libPods-staticLib.a */; };
/* End PBXBuildFile section */

/* Begin PBXCopyFilesBuildPhase section */
		563680151DB6A1160019A2A5 /* CopyFiles */ = {
			isa = PBXCopyFilesBuildPhase;
			buildActionMask = 2147483647;
			dstPath = "include/$(PRODUCT_NAME)";
			dstSubfolderSpec = 16;
			files = (
				5636801B1DB6A1170019A2A5 /* staticLib.h in CopyFiles */,
			);
			runOnlyForDeploymentPostprocessing = 0;
		};
/* End PBXCopyFilesBuildPhase section */

/* Begin PBXFileReference section */
		05E15B1B3848599F3CCBB9FF /* libPods-staticLib.a */ = {isa = PBXFileReference; explicitFileType = archive.ar; includeInIndex = 0; path = "libPods-staticLib.a"; sourceTree = BUILT_PRODUCTS_DIR; };
		4ADD3D30AF2D47EAA5073674 /* Pods-staticLib.debug.xcconfig */ = {isa = PBXFileReference; includeInIndex = 1; lastKnownFileType = text.xcconfig; name = "Pods-staticLib.debug.xcconfig"; path = "../workspace/Pods/Target Support Files/Pods-staticLib/Pods-staticLib.debug.xcconfig"; sourceTree = "<group>"; };
		563680171DB6A1160019A2A5 /* libstaticLib.a */ = {isa = PBXFileReference; explicitFileType = archive.ar; includeInIndex = 0; path = libstaticLib.a; sourceTree = BUILT_PRODUCTS_DIR; };
		5636801A1DB6A1170019A2A5 /* staticLib.h */ = {isa = PBXFileReference; lastKnownFileType = sourcecode.c.h; path = staticLib.h; sourceTree = "<group>"; };
		5636801C1DB6A1170019A2A5 /* staticLib.m */ = {isa = PBXFileReference; lastKnownFileType = sourcecode.c.objc; path = staticLib.m; sourceTree = "<group>"; };
		5636804B1DB711E40019A2A5 /* libPods-staticLib.a */ = {isa = PBXFileReference; lastKnownFileType = archive.ar; name = "libPods-staticLib.a"; path = "/Users/penglimin/Documents/多工程联合编译/workspace/Pods/../build/Debug-iphoneos/libPods-staticLib.a"; sourceTree = "<absolute>"; };
		CB6FB3924A8782E2ABEF2849 /* Pods-staticLib.release.xcconfig */ = {isa = PBXFileReference; includeInIndex = 1; lastKnownFileType = text.xcconfig; name = "Pods-staticLib.release.xcconfig"; path = "../workspace/Pods/Target Support Files/Pods-staticLib/Pods-staticLib.release.xcconfig"; sourceTree = "<group>"; };
/* End PBXFileReference section */

/* Begin PBXFrameworksBuildPhase section */
		563680141DB6A1160019A2A5 /* Frameworks */ = {
			isa = PBXFrameworksBuildPhase;
			buildActionMask = 2147483647;
			files = (
				5636804C1DB711E40019A2A5 /* libPods-staticLib.a in Frameworks */,
			);
			runOnlyForDeploymentPostprocessing = 0;
		};
/* End PBXFrameworksBuildPhase section */

/* Begin PBXGroup section */
		5636800E1DB6A1160019A2A5 = {
			isa = PBXGroup;
			children = (
				563680191DB6A1170019A2A5 /* staticLib */,
				563680181DB6A1160019A2A5 /* Products */,
				92C9CCE4182A4F8B5B393B45 /* Pods */,
				B1C3C3E175FED8E0290BFE6F /* Frameworks */,
			);
			sourceTree = "<group>";
		};
		563680181DB6A1160019A2A5 /* Products */ = {
			isa = PBXGroup;
			children = (
				563680171DB6A1160019A2A5 /* libstaticLib.a */,
			);
			name = Products;
			sourceTree = "<group>";
		};
		563680191DB6A1170019A2A5 /* staticLib */ = {
			isa = PBXGroup;
			children = (
				5636801A1DB6A1170019A2A5 /* staticLib.h */,
				5636801C1DB6A1170019A2A5 /* staticLib.m */,
			);
			path = staticLib;
			sourceTree = "<group>";
		};
		92C9CCE4182A4F8B5B393B45 /* Pods */ = {
			isa = PBXGroup;
			children = (
				4ADD3D30AF2D47EAA5073674 /* Pods-staticLib.debug.xcconfig */,
				CB6FB3924A8782E2ABEF2849 /* Pods-staticLib.release.xcconfig */,
			);
			name = Pods;
			sourceTree = "<group>";
		};
		B1C3C3E175FED8E0290BFE6F /* Frameworks */ = {
			isa = PBXGroup;
			children = (
				5636804B1DB711E40019A2A5 /* libPods-staticLib.a */,
				05E15B1B3848599F3CCBB9FF /* libPods-staticLib.a */,
			);
			name = Frameworks;
			sourceTree = "<group>";
		};
/* End PBXGroup section */

/* Begin PBXNativeTarget section */
		563680161DB6A1160019A2A5 /* staticLib */ = {
			isa = PBXNativeTarget;
			buildConfigurationList = 563680201DB6A1170019A2A5 /* Build configuration list for PBXNativeTarget "staticLib" */;
			buildPhases = (
				D0F5BABC117FDC8BEE5D0971 /* Check Pods Manifest.lock */,
				563680131DB6A1160019A2A5 /* Sources */,
				563680141DB6A1160019A2A5 /* Frameworks */,
				563680151DB6A1160019A2A5 /* CopyFiles */,
				F2E7F0A95F4BDE86577AC628 /* Copy Pods Resources */,
			);
			buildRules = (
			);
			dependencies = (
			);
			name = staticLib;
			productName = staticLib;
			productReference = 563680171DB6A1160019A2A5 /* libstaticLib.a */;
			productType = "com.apple.product-type.library.static";
		};
/* End PBXNativeTarget section */

/* Begin PBXProject section */
		5636800F1DB6A1160019A2A5 /* Project object */ = {
			isa = PBXProject;
			attributes = {
				LastUpgradeCheck = 0720;
				ORGANIZATIONNAME = "彭利民";
				TargetAttributes = {
					563680161DB6A1160019A2A5 = {
						CreatedOnToolsVersion = 7.2.1;
						DevelopmentTeam = 47QLS9UDUK;
					};
				};
			};
			buildConfigurationList = 563680121DB6A1160019A2A5 /* Build configuration list for PBXProject "staticLib" */;
			compatibilityVersion = "Xcode 3.2";
			developmentRegion = English;
			hasScannedForEncodings = 0;
			knownRegions = (
				en,
			);
			mainGroup = 5636800E1DB6A1160019A2A5;
			productRefGroup = 563680181DB6A1160019A2A5 /* Products */;
			projectDirPath = "";
			projectRoot = "";
			targets = (
				563680161DB6A1160019A2A5 /* staticLib */,
			);
		};
/* End PBXProject section */

/* Begin PBXShellScriptBuildPhase section */
		D0F5BABC117FDC8BEE5D0971 /* Check Pods Manifest.lock */ = {
			isa = PBXShellScriptBuildPhase;
			buildActionMask = 2147483647;
			files = (
			);
			inputPaths = (
			);
			name = "Check Pods Manifest.lock";
			outputPaths = (
			);
			runOnlyForDeploymentPostprocessing = 0;
			shellPath = /bin/sh;
			shellScript = "diff \"${PODS_ROOT}/../Podfile.lock\" \"${PODS_ROOT}/Manifest.lock\" > /dev/null\nif [[ $? != 0 ]] ; then\n    cat << EOM\nerror: The sandbox is not in sync with the Podfile.lock. Run 'pod install' or update your CocoaPods installation.\nEOM\n    exit 1\nfi\n";
			showEnvVarsInLog = 0;
		};
		F2E7F0A95F4BDE86577AC628 /* Copy Pods Resources */ = {
			isa = PBXShellScriptBuildPhase;
			buildActionMask = 2147483647;
			files = (
			);
			inputPaths = (
			);
			name = "Copy Pods Resources";
			outputPaths = (
			);
			runOnlyForDeploymentPostprocessing = 0;
			shellPath = /bin/sh;
			shellScript = "\"${SRCROOT}/../workspace/Pods/Target Support Files/Pods-staticLib/Pods-staticLib-resources.sh\"\n";
			showEnvVarsInLog = 0;
		};
/* End PBXShellScriptBuildPhase section */

/* Begin PBXSourcesBuildPhase section */
		563680131DB6A1160019A2A5 /* Sources */ = {
			isa = PBXSourcesBuildPhase;
			buildActionMask = 2147483647;
			files = (
				5636801D1DB6A1170019A2A5 /* staticLib.m in Sources */,
			);
			runOnlyForDeploymentPostprocessing = 0;
		};
/* End PBXSourcesBuildPhase section */

/* Begin XCBuildConfiguration section */
		5636801E1DB6A1170019A2A5 /* Debug */ = {
			isa = XCBuildConfiguration;
			buildSettings = {
				ALWAYS_SEARCH_USER_PATHS = NO;
				CLANG_CXX_LANGUAGE_STANDARD = "gnu++0x";
				CLANG_CXX_LIBRARY = "libc++";
				CLANG_ENABLE_MODULES = YES;
				CLANG_ENABLE_OBJC_ARC = YES;
				CLANG_WARN_BOOL_CONVERSION = YES;
				CLANG_WARN_CONSTANT_CONVERSION = YES;
				CLANG_WARN_DIRECT_OBJC_ISA_USAGE = YES_ERROR;
				CLANG_WARN_EMPTY_BODY = YES;
				CLANG_WARN_ENUM_CONVERSION = YES;
				CLANG_WARN_INT_CONVERSION = YES;
				CLANG_WARN_OBJC_ROOT_CLASS = YES_ERROR;
				CLANG_WARN_UNREACHABLE_CODE = YES;
				CLANG_WARN__DUPLICATE_METHOD_MATCH = YES;
				"CODE_SIGN_IDENTITY[sdk=iphoneos*]" = "iPhone Developer";
				COPY_PHASE_STRIP = NO;
				DEBUG_INFORMATION_FORMAT = dwarf;
				ENABLE_STRICT_OBJC_MSGSEND = YES;
				ENABLE_TESTABILITY = YES;
				GCC_C_LANGUAGE_STANDARD = gnu99;
				GCC_DYNAMIC_NO_PIC = NO;
				GCC_NO_COMMON_BLOCKS = YES;
				GCC_OPTIMIZATION_LEVEL = 0;
				GCC_PREPROCESSOR_DEFINITIONS = (
					"DEBUG=1",
					"$(inherited)",
				);
				GCC_WARN_64_TO_32_BIT_CONVERSION = YES;
				GCC_WARN_ABOUT_RETURN_TYPE = YES_ERROR;
				GCC_WARN_UNDECLARED_SELECTOR = YES;
				GCC_WARN_UNINITIALIZED_AUTOS = YES_AGGRESSIVE;
				GCC_WARN_UNUSED_FUNCTION = YES;
				GCC_WARN_UNUSED_VARIABLE = YES;
				IPHONEOS_DEPLOYMENT_TARGET = 9.2;
				MTL_ENABLE_DEBUG_INFO = YES;
				ONLY_ACTIVE_ARCH = YES;
				SDKROOT = iphoneos;
			};
			name = Debug;
		};
		5636801F1DB6A1170019A2A5 /* Release */ = {
			isa = XCBuildConfiguration;
			buildSettings = {
				ALWAYS_SEARCH_USER_PATHS = NO;
				CLANG_CXX_LANGUAGE_STANDARD = "gnu++0x";
				CLANG_CXX_LIBRARY = "libc++";
				CLANG_ENABLE_MODULES = YES;
				CLANG_ENABLE_OBJC_ARC = YES;
				CLANG_WARN_BOOL_CONVERSION = YES;
				CLANG_WARN_CONSTANT_CONVERSION = YES;
				CLANG_WARN_DIRECT_OBJC_ISA_USAGE = YES_ERROR;
				CLANG_WARN_EMPTY_BODY = YES;
				CLANG_WARN_ENUM_CONVERSION = YES;
				CLANG_WARN_INT_CONVERSION = YES;
				CLANG_WARN_OBJC_ROOT_CLASS = YES_ERROR;
				CLANG_WARN_UNREACHABLE_CODE = YES;
				CLANG_WARN__DUPLICATE_METHOD_MATCH = YES;
				"CODE_SIGN_IDENTITY[sdk=iphoneos*]" = "iPhone Developer";
				COPY_PHASE_STRIP = NO;
				DEBUG_INFORMATION_FORMAT = "dwarf-with-dsym";
				ENABLE_NS_ASSERTIONS = NO;
				ENABLE_STRICT_OBJC_MSGSEND = YES;
				GCC_C_LANGUAGE_STANDARD = gnu99;
				GCC_NO_COMMON_BLOCKS = YES;
				GCC_WARN_64_TO_32_BIT_CONVERSION = YES;
				GCC_WARN_ABOUT_RETURN_TYPE = YES_ERROR;
				GCC_WARN_UNDECLARED_SELECTOR = YES;
				GCC_WARN_UNINITIALIZED_AUTOS = YES_AGGRESSIVE;
				GCC_WARN_UNUSED_FUNCTION = YES;
				GCC_WARN_UNUSED_VARIABLE = YES;
				IPHONEOS_DEPLOYMENT_TARGET = 9.2;
				MTL_ENABLE_DEBUG_INFO = NO;
				SDKROOT = iphoneos;
				VALIDATE_PRODUCT = YES;
			};
			name = Release;
		};
		563680211DB6A1170019A2A5 /* Debug */ = {
			isa = XCBuildConfiguration;
			baseConfigurationReference = 4ADD3D30AF2D47EAA5073674 /* Pods-staticLib.debug.xcconfig */;
			buildSettings = {
				ENABLE_BITCODE = YES;
				OTHER_LDFLAGS = "-ObjC";
				PRODUCT_NAME = "$(TARGET_NAME)";
				SKIP_INSTALL = YES;
			};
			name = Debug;
		};
		563680221DB6A1170019A2A5 /* Release */ = {
			isa = XCBuildConfiguration;
			baseConfigurationReference = CB6FB3924A8782E2ABEF2849 /* Pods-staticLib.release.xcconfig */;
			buildSettings = {
				ENABLE_BITCODE = YES;
				OTHER_LDFLAGS = "-ObjC";
				PRODUCT_NAME = "$(TARGET_NAME)";
				SKIP_INSTALL = YES;
			};
			name = Release;
		};
/* End XCBuildConfiguration section */

/* Begin XCConfigurationList section */
		563680121DB6A1160019A2A5 /* Build configuration list for PBXProject "staticLib" */ = {
			isa = XCConfigurationList;
			buildConfigurations = (
				5636801E1DB6A1170019A2A5 /* Debug */,
				5636801F1DB6A1170019A2A5 /* Release */,
			);
			defaultConfigurationIsVisible = 0;
			defaultConfigurationName = Release;
		};
		563680201DB6A1170019A2A5 /* Build configuration list for PBXNativeTarget "staticLib" */ = {
			isa = XCConfigurationList;
			buildConfigurations = (
				563680211DB6A1170019A2A5 /* Debug */,
				563680221DB6A1170019A2A5 /* Release */,
			);
			defaultConfigurationIsVisible = 0;
			defaultConfigurationName = Release;
		};
/* End XCConfigurationList section */
	};
	rootObject = 5636800F1DB6A1160019A2A5 /* Project object */;
}
